
Microsoft Visual Studio Solution File, Format Version 12.00
# Visual Studio Version 17
VisualStudioVersion = 17.6.33829.357
MinimumVisualStudioVersion = 10.0.40219.1
Project("{9A19103F-16F7-4668-BE54-9A1E7A4F7556}") = "PizzaApp", "PizzaApp\PizzaApp.csproj", "{07FC1995-C4B9-4FF5-8529-7730EFA7D855}"
EndProject
Project("{FAE04EC0-301F-11D3-BF4B-00C04F79EFBC}") = "PizzaApp.Tests", "PizzaApp.Tests\PizzaApp.Tests.csproj", "{2CD6FB44-ACD5-4E42-BCB8-598D48F8E9F8}"
	ProjectSection(ProjectDependencies) = postProject
		{07FC1995-C4B9-4FF5-8529-7730EFA7D855} = {07FC1995-C4B9-4FF5-8529-7730EFA7D855}
	EndProjectSection
EndProject
Global
	GlobalSection(SolutionConfigurationPlatforms) = preSolution
		Debug|Any CPU = Debug|Any CPU
		Release|Any CPU = Release|Any CPU
	EndGlobalSection
	GlobalSection(ProjectConfigurationPlatforms) = postSolution
		{07FC1995-C4B9-4FF5-8529-7730EFA7D855}.Debug|Any CPU.ActiveCfg = Debug|Any CPU
		{07FC1995-C4B9-4FF5-8529-7730EFA7D855}.Debug|Any CPU.Build.0 = Debug|Any CPU
		{07FC1995-C4B9-4FF5-8529-7730EFA7D855}.Release|Any CPU.ActiveCfg = Release|Any CPU
		{07FC1995-C4B9-4FF5-8529-7730EFA7D855}.Release|Any CPU.Build.0 = Release|Any CPU
		{2CD6FB44-ACD5-4E42-BCB8-598D48F8E9F8}.Debug|Any CPU.ActiveCfg = Debug|Any CPU
		{2CD6FB44-ACD5-4E42-BCB8-598D48F8E9F8}.Debug|Any CPU.Build.0 = Debug|Any CPU
		{2CD6FB44-ACD5-4E42-BCB8-598D48F8E9F8}.Release|Any CPU.ActiveCfg = Release|Any CPU
		{2CD6FB44-ACD5-4E42-BCB8-598D48F8E9F8}.Release|Any CPU.Build.0 = Release|Any CPU
	EndGlobalSection
	GlobalSection(SolutionProperties) = preSolution
		HideSolutionNode = FALSE
	EndGlobalSection
	GlobalSection(ExtensibilityGlobals) = postSolution
		SolutionGuid = {B506CF05-5099-4F75-8882-74DF1C202F8A}
	EndGlobalSection
EndGlobal
